# This file is automatically @generated by Cargo.
# It is not intended for manual editing.
version = 4

[[package]]
name = "ahash"
version = "0.8.12"
source = "registry+https://github.com/rust-lang/crates.io-index"
checksum = "5a15f179cd60c4584b8a8c596927aadc462e27f2ca70c04e0071964a73ba7a75"
dependencies = [
 "cfg-if",
 "once_cell",
 "version_check",
 "zerocopy",
]

[[package]]
name = "anyhow"
version = "1.0.100"
source = "registry+https://github.com/rust-lang/crates.io-index"
checksum = "a23eb6b1614318a8071c9b2521f36b424b2c83db5eb3a0fead4a6c0809af6e61"

[[package]]
name = "autocfg"
version = "1.5.0"
source = "registry+https://github.com/rust-lang/crates.io-index"
checksum = "c08606f8c3cbf4ce6ec8e28fb0014a2c086708fe954eaa885384a6165172e7e8"

[[package]]
name = "base64"
version = "0.22.1"
source = "registry+https://github.com/rust-lang/crates.io-index"
checksum = "72b3254f16251a8381aa12e40e3c4d2f0199f8c6508fbecb9d91f575e0fbb8c6"

[[package]]
name = "bitflags"
version = "2.10.0"
source = "registry+https://github.com/rust-lang/crates.io-index"
checksum = "812e12b5285cc515a9c72a5c1d3b6d46a19dac5acfef5265968c166106e31dd3"

[[package]]
name = "cfg-if"
version = "1.0.4"
source = "registry+https://github.com/rust-lang/crates.io-index"
checksum = "9330f8b2ff13f34540b44e946ef35111825727b38d33286ef986142615121801"

[[package]]
name = "crossbeam-deque"
version = "0.8.5"
source = "registry+https://github.com/rust-lang/crates.io-index"
checksum = "613f8cc01fe9cf1a3eb3d7f488fd2fa8388403e97039e2f73692932e291a770d"
dependencies = [
 "crossbeam-epoch",
 "crossbeam-utils",
]

[[package]]
name = "crossbeam-epoch"
version = "0.9.18"
source = "registry+https://github.com/rust-lang/crates.io-index"
checksum = "5b82ac4a3c2ca9c3460964f020e1402edd5753411d7737aa39c3714ad1b5420e"
dependencies = [
 "crossbeam-utils",
]

[[package]]
name = "crossbeam-utils"
version = "0.8.20"
source = "registry+https://github.com/rust-lang/crates.io-index"
checksum = "22ec99545bb0ed0ea7bb9b8e1e9122ea386ff8a48c0922e43f36d45ab09e0e80"

[[package]]
name = "either"
version = "1.15.0"
source = "registry+https://github.com/rust-lang/crates.io-index"
checksum = "48c757948c5ede0e46177b7add2e67155f70e33c07fea8284df6576da70b3719"

[[package]]
name = "equivalent"
version = "1.0.2"
source = "registry+https://github.com/rust-lang/crates.io-index"
checksum = "877a4ace8713b0bcf2a4e7eec82529c029f1d0619886d18145fea96c3ffe5c0f"

[[package]]
name = "errno"
version = "0.3.14"
source = "registry+https://github.com/rust-lang/crates.io-index"
checksum = "39cab71617ae0d63f51a36d69f866391735b51691dbda63cf6f96d042b63efeb"
dependencies = [
 "libc",
 "windows-sys",
]

[[package]]
name = "fallible-iterator"
version = "0.2.0"
source = "registry+https://github.com/rust-lang/crates.io-index"
checksum = "4443176a9f2c162692bd3d352d745ef9413eec5782a80d8fd6f8a1ac692a07f7"

[[package]]
name = "fastrand"
version = "2.3.0"
source = "registry+https://github.com/rust-lang/crates.io-index"
checksum = "37909eebbb50d72f9059c3b6d82c0463f2ff062c9e95845c43a6c9c0355411be"

[[package]]
name = "getrandom"
version = "0.3.4"
source = "registry+https://github.com/rust-lang/crates.io-index"
checksum = "899def5c37c4fd7b2664648c28120ecec138e4d395b459e5ca34f9cce2dd77fd"
dependencies = [
 "cfg-if",
 "libc",
 "r-efi",
 "wasip2",
]

[[package]]
name = "gimli"
version = "0.26.2"
source = "registry+https://github.com/rust-lang/crates.io-index"
checksum = "22030e2c5a68ec659fde1e949a745124b48e6fa8b045b7ed5bd1fe4ccc5c4e5d"
dependencies = [
 "fallible-iterator",
 "indexmap 1.9.3",
 "stable_deref_trait",
]

[[package]]
name = "hashbrown"
version = "0.12.3"
source = "registry+https://github.com/rust-lang/crates.io-index"
checksum = "8a9ee70c43aaf417c914396645a0fa852624801b24ebb7ae78fe8272889ac888"

[[package]]
name = "hashbrown"
version = "0.14.5"
source = "registry+https://github.com/rust-lang/crates.io-index"
checksum = "e5274423e17b7c9fc20b6e7e208532f9b19825d82dfd615708b70edd83df41f1"
dependencies = [
 "ahash",
 "serde",
]

[[package]]
name = "hashbrown"
version = "0.16.0"
source = "registry+https://github.com/rust-lang/crates.io-index"
checksum = "5419bdc4f6a9207fbeba6d11b604d481addf78ecd10c11ad51e76c2f6482748d"

[[package]]
name = "heck"
version = "0.5.0"
source = "registry+https://github.com/rust-lang/crates.io-index"
checksum = "2304e00983f87ffb38b55b444b5e3b60a884b5d30c0fca7d82fe33449bbe55ea"

[[package]]
name = "id-arena"
version = "2.2.1"
source = "registry+https://github.com/rust-lang/crates.io-index"
checksum = "25a2bc672d1148e28034f176e01fffebb08b35768468cc954630da77a1449005"
dependencies = [
 "rayon",
]

[[package]]
name = "indexmap"
version = "1.9.3"
source = "registry+https://github.com/rust-lang/crates.io-index"
checksum = "bd070e393353796e801d209ad339e89596eb4c8d430d18ede6a1cced8fafbd99"
dependencies = [
 "autocfg",
 "hashbrown 0.12.3",
]

[[package]]
name = "indexmap"
version = "2.12.0"
source = "registry+https://github.com/rust-lang/crates.io-index"
checksum = "6717a8d2a5a929a1a2eb43a12812498ed141a0bcfb7e8f7844fbdbe4303bba9f"
dependencies = [
 "equivalent",
 "hashbrown 0.16.0",
 "serde",
 "serde_core",
]

[[package]]
name = "itoa"
version = "1.0.15"
source = "registry+https://github.com/rust-lang/crates.io-index"
checksum = "4a5f13b858c8d314ee3e8f639011f7ccefe71f97f96e50151fb991f267928e2c"

[[package]]
name = "leb128"
version = "0.2.5"
source = "registry+https://github.com/rust-lang/crates.io-index"
checksum = "884e2677b40cc8c339eaefcb701c32ef1fd2493d71118dc0ca4b6a736c93bd67"

[[package]]
name = "libc"
version = "0.2.177"
source = "registry+https://github.com/rust-lang/crates.io-index"
checksum = "2874a2af47a2325c2001a6e6fad9b16a53b802102b528163885171cf92b15976"

[[package]]
name = "linux-raw-sys"
version = "0.11.0"
source = "registry+https://github.com/rust-lang/crates.io-index"
checksum = "df1d3c3b53da64cf5760482273a98e575c651a67eec7f77df96b5b642de8f039"

[[package]]
name = "log"
version = "0.4.28"
source = "registry+https://github.com/rust-lang/crates.io-index"
checksum = "34080505efa8e45a4b816c349525ebe327ceaa8559756f0356cba97ef3bf7432"

[[package]]
name = "memchr"
version = "2.7.6"
source = "registry+https://github.com/rust-lang/crates.io-index"
checksum = "f52b00d39961fc5b2736ea853c9cc86238e165017a493d1d5c8eac6bdc4cc273"

[[package]]
name = "once_cell"
version = "1.21.3"
source = "registry+https://github.com/rust-lang/crates.io-index"
checksum = "42f5e15c9953c5e4ccceeb2e7382a716482c34515315f7b03532b8b4e8393d2d"

[[package]]
name = "pico-args"
version = "0.5.0"
source = "registry+https://github.com/rust-lang/crates.io-index"
checksum = "5be167a7af36ee22fe3115051bc51f6e6c7054c9348e28deb4f49bd6f705a315"

[[package]]
name = "proc-macro2"
version = "1.0.103"
source = "registry+https://github.com/rust-lang/crates.io-index"
checksum = "5ee95bc4ef87b8d5ba32e8b7714ccc834865276eab0aed5c9958d00ec45f49e8"
dependencies = [
 "unicode-ident",
]

[[package]]
name = "proxmox-wasm-builder"
version = "0.3.0"
dependencies = [
 "anyhow",
 "pico-args",
 "serde_json",
 "wasm-bindgen-cli-support",
]

[[package]]
name = "quote"
version = "1.0.41"
source = "registry+https://github.com/rust-lang/crates.io-index"
checksum = "ce25767e7b499d1b604768e7cde645d14cc8584231ea6b295e9c9eb22c02e1d1"
dependencies = [
 "proc-macro2",
]

[[package]]
name = "r-efi"
version = "5.3.0"
source = "registry+https://github.com/rust-lang/crates.io-index"
checksum = "69cdb34c158ceb288df11e18b4bd39de994f6657d83847bdffdbd7f346754b0f"

[[package]]
name = "rayon"
version = "1.10.0"
source = "registry+https://github.com/rust-lang/crates.io-index"
checksum = "b418a60154510ca1a002a752ca9714984e21e4241e804d32555251faf8b78ffa"
dependencies = [
 "either",
 "rayon-core",
]

[[package]]
name = "rayon-core"
version = "1.12.1"
source = "registry+https://github.com/rust-lang/crates.io-index"
checksum = "1465873a3dfdaa8ae7cb14b4383657caab0b3e8a0aa9ae8e04b044854c8dfce2"
dependencies = [
 "crossbeam-deque",
 "crossbeam-utils",
]

[[package]]
name = "rustc-demangle"
version = "0.1.24"
source = "registry+https://github.com/rust-lang/crates.io-index"
checksum = "719b953e2095829ee67db738b3bfa9fa368c94900df327b3f07fe6e794d2fe1f"

[[package]]
name = "rustix"
version = "1.1.2"
source = "registry+https://github.com/rust-lang/crates.io-index"
checksum = "cd15f8a2c5551a84d56efdc1cd049089e409ac19a3072d5037a17fd70719ff3e"
dependencies = [
 "bitflags",
 "errno",
 "libc",
 "linux-raw-sys",
 "windows-sys",
]

[[package]]
name = "ryu"
version = "1.0.20"
source = "registry+https://github.com/rust-lang/crates.io-index"
checksum = "28d3b2b1366ec20994f1fd18c3c594f05c5dd4bc44d8bb0c1c632c8d6829481f"

[[package]]
name = "semver"
version = "1.0.27"
source = "registry+https://github.com/rust-lang/crates.io-index"
checksum = "d767eb0aabc880b29956c35734170f26ed551a859dbd361d140cdbeca61ab1e2"

[[package]]
name = "serde"
version = "1.0.228"
source = "registry+https://github.com/rust-lang/crates.io-index"
checksum = "9a8e94ea7f378bd32cbbd37198a4a91436180c5bb472411e48b5ec2e2124ae9e"
dependencies = [
 "serde_core",
 "serde_derive",
]

[[package]]
name = "serde_core"
version = "1.0.228"
source = "registry+https://github.com/rust-lang/crates.io-index"
checksum = "41d385c7d4ca58e59fc732af25c3983b67ac852c1a25000afe1175de458b67ad"
dependencies = [
 "serde_derive",
]

[[package]]
name = "serde_derive"
version = "1.0.228"
source = "registry+https://github.com/rust-lang/crates.io-index"
checksum = "d540f220d3187173da220f885ab66608367b6574e925011a9353e4badda91d79"
dependencies = [
 "proc-macro2",
 "quote",
 "syn",
]

[[package]]
name = "serde_json"
version = "1.0.145"
source = "registry+https://github.com/rust-lang/crates.io-index"
checksum = "402a6f66d8c709116cf22f558eab210f5a50187f702eb4d7e5ef38d9a7f1c79c"
dependencies = [
 "itoa",
 "memchr",
 "ryu",
 "serde",
 "serde_core",
]

[[package]]
name = "stable_deref_trait"
version = "1.2.1"
source = "registry+https://github.com/rust-lang/crates.io-index"
checksum = "6ce2be8dc25455e1f91df71bfa12ad37d7af1092ae736f3a6cd0e37bc7810596"

[[package]]
name = "syn"
version = "2.0.108"
source = "registry+https://github.com/rust-lang/crates.io-index"
checksum = "da58917d35242480a05c2897064da0a80589a2a0476c9a3f2fdc83b53502e917"
dependencies = [
 "proc-macro2",
 "quote",
 "unicode-ident",
]

[[package]]
name = "tempfile"
version = "3.23.0"
source = "registry+https://github.com/rust-lang/crates.io-index"
checksum = "2d31c77bdf42a745371d260a26ca7163f1e0924b64afa0b688e61b5a9fa02f16"
dependencies = [
 "fastrand",
 "getrandom",
 "once_cell",
 "rustix",
 "windows-sys",
]

[[package]]
name = "unicode-ident"
version = "1.0.20"
source = "registry+https://github.com/rust-lang/crates.io-index"
checksum = "462eeb75aeb73aea900253ce739c8e18a67423fadf006037cd3ff27e82748a06"

[[package]]
name = "version_check"
version = "0.9.5"
source = "registry+https://github.com/rust-lang/crates.io-index"
checksum = "0b928f33d975fc6ad9f86c8f283853ad26bdd5b10b7f1542aa2fa15e2289105a"

[[package]]
name = "walrus"
version = "0.23.3"
source = "registry+https://github.com/rust-lang/crates.io-index"
checksum = "6481311b98508f4bc2d0abbfa5d42172e7a54b4b24d8f15e28b0dc650be0c59f"
dependencies = [
 "anyhow",
 "gimli",
 "id-arena",
 "leb128",
 "log",
 "rayon",
 "walrus-macro",
 "wasm-encoder",
 "wasmparser 0.214.0",
]

[[package]]
name = "walrus-macro"
version = "0.22.0"
source = "registry+https://github.com/rust-lang/crates.io-index"
checksum = "439ad39ff894c43c9649fa724cdde9a6fc50b855d517ef071a93e5df82fe51d3"
dependencies = [
 "heck",
 "proc-macro2",
 "quote",
 "syn",
]

[[package]]
name = "wasip2"
version = "1.0.1+wasi-0.2.4"
source = "registry+https://github.com/rust-lang/crates.io-index"
checksum = "0562428422c63773dad2c345a1882263bbf4d65cf3f42e90921f787ef5ad58e7"
dependencies = [
 "wit-bindgen",
]

[[package]]
name = "wasm-bindgen-cli-support"
version = "0.2.99"
source = "registry+https://github.com/rust-lang/crates.io-index"
checksum = "533e5315f66ba7a1c0b9731b1f6606a6fb7fc6d800eff4d5e43d48567f137203"
dependencies = [
 "anyhow",
 "base64",
 "log",
 "rustc-demangle",
 "serde",
 "serde_json",
 "tempfile",
 "unicode-ident",
 "walrus",
 "wasm-bindgen-externref-xform",
 "wasm-bindgen-multi-value-xform",
 "wasm-bindgen-shared",
 "wasm-bindgen-threads-xform",
 "wasm-bindgen-wasm-conventions",
 "wasm-bindgen-wasm-interpreter",
]

[[package]]
name = "wasm-bindgen-externref-xform"
version = "0.2.99"
source = "registry+https://github.com/rust-lang/crates.io-index"
checksum = "e71a35edea8d70380465025fcd6fb5376c9f2b5dacb2bc515bce5575e0ff0a2c"
dependencies = [
 "anyhow",
 "walrus",
 "wasm-bindgen-wasm-conventions",
]

[[package]]
name = "wasm-bindgen-multi-value-xform"
version = "0.2.99"
source = "registry+https://github.com/rust-lang/crates.io-index"
checksum = "58d05670395e140f246c9fd6f59ca75da67030121e1679031089aa71309d0ee5"
dependencies = [
 "anyhow",
 "walrus",
 "wasm-bindgen-wasm-conventions",
]

[[package]]
name = "wasm-bindgen-shared"
version = "0.2.99"
source = "registry+https://github.com/rust-lang/crates.io-index"
checksum = "943aab3fdaaa029a6e0271b35ea10b72b943135afe9bffca82384098ad0e06a6"

[[package]]
name = "wasm-bindgen-threads-xform"
version = "0.2.99"
source = "registry+https://github.com/rust-lang/crates.io-index"
checksum = "578e66a90d904cc4ff44f48e8ac3f606a42ecfda5cbe336e89b315127fe02952"
dependencies = [
 "anyhow",
 "walrus",
 "wasm-bindgen-wasm-conventions",
]

[[package]]
name = "wasm-bindgen-wasm-conventions"
version = "0.2.99"
source = "registry+https://github.com/rust-lang/crates.io-index"
checksum = "3523d0794bca5434b5e05d8cd7498ff7c6f2c86a4e5d790e35a3bd8e29c1351b"
dependencies = [
 "anyhow",
 "leb128",
 "log",
 "walrus",
 "wasmparser 0.212.0",
]

[[package]]
name = "wasm-bindgen-wasm-interpreter"
version = "0.2.99"
source = "registry+https://github.com/rust-lang/crates.io-index"
checksum = "0d94f86fcc9c75aac4823f9cbf156ff37e3e8f4ebc1ccff2785e045efd9aeee1"
dependencies = [
 "anyhow",
 "log",
 "walrus",
 "wasm-bindgen-wasm-conventions",
]

[[package]]
name = "wasm-encoder"
version = "0.214.0"
source = "registry+https://github.com/rust-lang/crates.io-index"
checksum = "ff694f02a8d7a50b6922b197ae03883fbf18cdb2ae9fbee7b6148456f5f44041"
dependencies = [
 "leb128",
]

[[package]]
name = "wasmparser"
version = "0.212.0"
source = "registry+https://github.com/rust-lang/crates.io-index"
checksum = "8d28bc49ba1e5c5b61ffa7a2eace10820443c4b7d1c0b144109261d14570fdf8"
dependencies = [
 "ahash",
 "bitflags",
 "hashbrown 0.14.5",
 "indexmap 2.12.0",
 "semver",
 "serde",
]

[[package]]
name = "wasmparser"
version = "0.214.0"
source = "registry+https://github.com/rust-lang/crates.io-index"
checksum = "5309c1090e3e84dad0d382f42064e9933fdaedb87e468cc239f0eabea73ddcb6"
dependencies = [
 "ahash",
 "bitflags",
 "hashbrown 0.14.5",
 "indexmap 2.12.0",
 "semver",
 "serde",
]

[[package]]
name = "windows-link"
version = "0.2.1"
source = "registry+https://github.com/rust-lang/crates.io-index"
checksum = "f0805222e57f7521d6a62e36fa9163bc891acd422f971defe97d64e70d0a4fe5"

[[package]]
name = "windows-sys"
version = "0.61.2"
source = "registry+https://github.com/rust-lang/crates.io-index"
checksum = "ae137229bcbd6cdf0f7b80a31df61766145077ddf49416a728b02cb3921ff3fc"
dependencies = [
 "windows-link",
]

[[package]]
name = "wit-bindgen"
version = "0.46.0"
source = "registry+https://github.com/rust-lang/crates.io-index"
checksum = "f17a85883d4e6d00e8a97c586de764dabcc06133f7f1d55dce5cdc070ad7fe59"

[[package]]
name = "zerocopy"
version = "0.8.27"
source = "registry+https://github.com/rust-lang/crates.io-index"
checksum = "0894878a5fa3edfd6da3f88c4805f4c8558e2b996227a3d864f47fe11e38282c"
dependencies = [
 "zerocopy-derive",
]

[[package]]
name = "zerocopy-derive"
version = "0.8.27"
source = "registry+https://github.com/rust-lang/crates.io-index"
checksum = "88d2b8d9c68ad2b9e4340d7832716a4d21a22a1154777ad56ea55c51a9cf3831"
dependencies = [
 "proc-macro2",
 "quote",
 "syn",
]

[[patch.unused]]
name = "pathpatterns"
version = "1.0.0"

[[patch.unused]]
name = "pbs-api-types"
version = "1.0.0"

[[patch.unused]]
name = "perlmod"
version = "0.14.0"

[[patch.unused]]
name = "perlmod-macro"
version = "0.10.0"

[[patch.unused]]
name = "proxmox-access-control"
version = "1.0.0"

[[patch.unused]]
name = "proxmox-acme"
version = "1.0.0"

[[patch.unused]]
name = "proxmox-acme-api"
version = "1.0.0"

[[patch.unused]]
name = "proxmox-api-macro"
version = "1.4.0"

[[patch.unused]]
name = "proxmox-apt"
version = "0.99.0"

[[patch.unused]]
name = "proxmox-apt-api-types"
version = "2.0.0"

[[patch.unused]]
name = "proxmox-async"
version = "0.5.0"

[[patch.unused]]
name = "proxmox-auth-api"
version = "1.0.0"

[[patch.unused]]
name = "proxmox-base64"
version = "1.0.1"

[[patch.unused]]
name = "proxmox-borrow"
version = "1.1.0"

[[patch.unused]]
name = "proxmox-client"
version = "1.0.0"

[[patch.unused]]
name = "proxmox-compression"
version = "1.0.0"

[[patch.unused]]
name = "proxmox-config-digest"
version = "1.0.0"

[[patch.unused]]
name = "proxmox-daemon"
version = "1.0.0"

[[patch.unused]]
name = "proxmox-dns-api"
version = "1.0.0"

[[patch.unused]]
name = "proxmox-http"
version = "1.0.0"

[[patch.unused]]
name = "proxmox-http-error"
version = "1.0.0"

[[patch.unused]]
name = "proxmox-human-byte"
version = "1.0.0"

[[patch.unused]]
name = "proxmox-io"
version = "1.2.0"

[[patch.unused]]
name = "proxmox-lang"
version = "1.5.0"

[[patch.unused]]
name = "proxmox-ldap"
version = "1.0.0"

[[patch.unused]]
name = "proxmox-log"
version = "1.0.0"

[[patch.unused]]
name = "proxmox-login"
version = "1.0.1"

[[patch.unused]]
name = "proxmox-metrics"
version = "1.0.0"

[[patch.unused]]
name = "proxmox-network-api"
version = "1.0.0"

[[patch.unused]]
name = "proxmox-notify"
version = "1.0.0"

[[patch.unused]]
name = "proxmox-openid"
version = "1.0.0"

[[patch.unused]]
name = "proxmox-product-config"
version = "1.0.0"

[[patch.unused]]
name = "proxmox-resource-scheduling"
version = "1.0.0"

[[patch.unused]]
name = "proxmox-rest-server"
version = "1.0.0"

[[patch.unused]]
name = "proxmox-router"
version = "3.2.2"

[[patch.unused]]
name = "proxmox-schema"
version = "4.1.0"

[[patch.unused]]
name = "proxmox-section-config"
version = "3.1.0"

[[patch.unused]]
name = "proxmox-sendmail"
version = "1.0.0"

[[patch.unused]]
name = "proxmox-serde"
version = "1.0.0"

[[patch.unused]]
name = "proxmox-shared-cache"
version = "1.0.0"

[[patch.unused]]
name = "proxmox-shared-memory"
version = "1.0.0"

[[patch.unused]]
name = "proxmox-simple-config"
version = "1.0.0"

[[patch.unused]]
name = "proxmox-sortable-macro"
version = "1.0.0"

[[patch.unused]]
name = "proxmox-subscription"
version = "1.0.0"

[[patch.unused]]
name = "proxmox-sys"
version = "1.0.0"

[[patch.unused]]
name = "proxmox-syslog-api"
version = "1.0.0"

[[patch.unused]]
name = "proxmox-systemd"
version = "1.0.0"

[[patch.unused]]
name = "proxmox-tfa"
version = "6.0.0"

[[patch.unused]]
name = "proxmox-time"
version = "2.1.0"

[[patch.unused]]
name = "proxmox-time-api"
version = "1.0.0"

[[patch.unused]]
name = "proxmox-uuid"
version = "1.1.0"

[[patch.unused]]
name = "proxmox-ve-config"
version = "0.3.0"

[[patch.unused]]
name = "proxmox-worker-task"
version = "1.0.0"

[[patch.unused]]
name = "pxar"
version = "1.0.0"