# This file is automatically @generated by Cargo.
# It is not intended for manual editing.
version = 4

[[package]]
name = "anyhow"
version = "1.0.100"
source = "registry+https://github.com/rust-lang/crates.io-index"
checksum = "a23eb6b1614318a8071c9b2521f36b424b2c83db5eb3a0fead4a6c0809af6e61"

[[package]]
name = "bitflags"
version = "2.10.0"
source = "registry+https://github.com/rust-lang/crates.io-index"
checksum = "812e12b5285cc515a9c72a5c1d3b6d46a19dac5acfef5265968c166106e31dd3"

[[package]]
name = "cfg-if"
version = "1.0.4"
source = "registry+https://github.com/rust-lang/crates.io-index"
checksum = "9330f8b2ff13f34540b44e946ef35111825727b38d33286ef986142615121801"

[[package]]
name = "cfg_aliases"
version = "0.2.1"
source = "registry+https://github.com/rust-lang/crates.io-index"
checksum = "613afe47fcd5fac7ccf1db93babcb082c5994d996f20b8b159f2ad1658eb5724"

[[package]]
name = "endian_trait"
version = "0.6.0"
source = "registry+https://github.com/rust-lang/crates.io-index"
checksum = "77c844962d33db56fe7024846eeb8db92c79ccb68d3752a0ee37c261ac79fd46"
dependencies = [
 "endian_trait_derive",
]

[[package]]
name = "endian_trait_derive"
version = "0.6.0"
source = "registry+https://github.com/rust-lang/crates.io-index"
checksum = "a03aff727e0a6b907127d45940d06dec1ca6c0c3df1fdfa647780c32d2b61ca0"
dependencies = [
 "quote",
 "syn",
]

[[package]]
name = "form_urlencoded"
version = "1.2.2"
source = "registry+https://github.com/rust-lang/crates.io-index"
checksum = "cb4cb245038516f5f85277875cdaa4f7d2c9a0fa0468de06ed190163b1581fcf"
dependencies = [
 "percent-encoding",
]

[[package]]
name = "libc"
version = "0.2.177"
source = "registry+https://github.com/rust-lang/crates.io-index"
checksum = "2874a2af47a2325c2001a6e6fad9b16a53b802102b528163885171cf92b15976"

[[package]]
name = "log"
version = "0.4.28"
source = "registry+https://github.com/rust-lang/crates.io-index"
checksum = "34080505efa8e45a4b816c349525ebe327ceaa8559756f0356cba97ef3bf7432"

[[package]]
name = "mio"
version = "1.1.0"
source = "registry+https://github.com/rust-lang/crates.io-index"
checksum = "69d83b0086dc8ecf3ce9ae2874b2d1290252e2a30720bea58a5c6639b0092873"
dependencies = [
 "libc",
 "log",
 "wasi",
 "windows-sys",
]

[[package]]
name = "nix"
version = "0.29.0"
source = "registry+https://github.com/rust-lang/crates.io-index"
checksum = "71e2746dc3a24dd78b3cfcb7be93368c6de9963d30f43a6a73998a9cf4b17b46"
dependencies = [
 "bitflags",
 "cfg-if",
 "cfg_aliases",
 "libc",
]

[[package]]
name = "percent-encoding"
version = "2.3.2"
source = "registry+https://github.com/rust-lang/crates.io-index"
checksum = "9b4f627cb1b25917193a259e49bdad08f671f8d9708acfd5fe0a8c1455d87220"

[[package]]
name = "pico-args"
version = "0.5.0"
source = "registry+https://github.com/rust-lang/crates.io-index"
checksum = "5be167a7af36ee22fe3115051bc51f6e6c7054c9348e28deb4f49bd6f705a315"

[[package]]
name = "proc-macro2"
version = "0.2.3"
source = "registry+https://github.com/rust-lang/crates.io-index"
checksum = "cd07deb3c6d1d9ff827999c7f9b04cdfd66b1b17ae508e14fe47b620f2282ae0"
dependencies = [
 "unicode-xid",
]

[[package]]
name = "proxmox-io"
version = "1.2.0"
dependencies = [
 "endian_trait",
]

[[package]]
name = "proxmox-termproxy"
version = "2.0.2"
dependencies = [
 "anyhow",
 "form_urlencoded",
 "libc",
 "mio",
 "nix",
 "pico-args",
 "proxmox-io",
]

[[package]]
name = "quote"
version = "0.4.2"
source = "registry+https://github.com/rust-lang/crates.io-index"
checksum = "1eca14c727ad12702eb4b6bfb5a232287dcf8385cb8ca83a3eeaf6519c44c408"
dependencies = [
 "proc-macro2",
]

[[package]]
name = "syn"
version = "0.12.15"
source = "registry+https://github.com/rust-lang/crates.io-index"
checksum = "c97c05b8ebc34ddd6b967994d5c6e9852fa92f8b82b3858c39451f97346dcce5"
dependencies = [
 "proc-macro2",
 "quote",
 "unicode-xid",
]

[[package]]
name = "unicode-xid"
version = "0.1.0"
source = "registry+https://github.com/rust-lang/crates.io-index"
checksum = "fc72304796d0818e357ead4e000d19c9c174ab23dc11093ac919054d20a6a7fc"

[[package]]
name = "wasi"
version = "0.11.1+wasi-snapshot-preview1"
source = "registry+https://github.com/rust-lang/crates.io-index"
checksum = "ccf3ec651a847eb01de73ccad15eb7d99f80485de043efb2f370cd654f4ea44b"

[[package]]
name = "windows-link"
version = "0.2.1"
source = "registry+https://github.com/rust-lang/crates.io-index"
checksum = "f0805222e57f7521d6a62e36fa9163bc891acd422f971defe97d64e70d0a4fe5"

[[package]]
name = "windows-sys"
version = "0.61.2"
source = "registry+https://github.com/rust-lang/crates.io-index"
checksum = "ae137229bcbd6cdf0f7b80a31df61766145077ddf49416a728b02cb3921ff3fc"
dependencies = [
 "windows-link",
]

[[patch.unused]]
name = "pathpatterns"
version = "1.0.0"

[[patch.unused]]
name = "pbs-api-types"
version = "1.0.0"

[[patch.unused]]
name = "perlmod"
version = "0.14.0"

[[patch.unused]]
name = "perlmod-macro"
version = "0.10.0"

[[patch.unused]]
name = "proxmox-access-control"
version = "1.0.0"

[[patch.unused]]
name = "proxmox-acme"
version = "1.0.0"

[[patch.unused]]
name = "proxmox-acme-api"
version = "1.0.0"

[[patch.unused]]
name = "proxmox-api-macro"
version = "1.4.0"

[[patch.unused]]
name = "proxmox-apt"
version = "0.99.0"

[[patch.unused]]
name = "proxmox-apt-api-types"
version = "2.0.0"

[[patch.unused]]
name = "proxmox-async"
version = "0.5.0"

[[patch.unused]]
name = "proxmox-auth-api"
version = "1.0.0"

[[patch.unused]]
name = "proxmox-base64"
version = "1.0.1"

[[patch.unused]]
name = "proxmox-borrow"
version = "1.1.0"

[[patch.unused]]
name = "proxmox-client"
version = "1.0.0"

[[patch.unused]]
name = "proxmox-compression"
version = "1.0.0"

[[patch.unused]]
name = "proxmox-config-digest"
version = "1.0.0"

[[patch.unused]]
name = "proxmox-daemon"
version = "1.0.0"

[[patch.unused]]
name = "proxmox-dns-api"
version = "1.0.0"

[[patch.unused]]
name = "proxmox-http"
version = "1.0.0"

[[patch.unused]]
name = "proxmox-http-error"
version = "1.0.0"

[[patch.unused]]
name = "proxmox-human-byte"
version = "1.0.0"

[[patch.unused]]
name = "proxmox-lang"
version = "1.5.0"

[[patch.unused]]
name = "proxmox-ldap"
version = "1.0.0"

[[patch.unused]]
name = "proxmox-log"
version = "1.0.0"

[[patch.unused]]
name = "proxmox-metrics"
version = "1.0.0"

[[patch.unused]]
name = "proxmox-network-api"
version = "1.0.0"

[[patch.unused]]
name = "proxmox-notify"
version = "1.0.0"

[[patch.unused]]
name = "proxmox-openid"
version = "1.0.0"

[[patch.unused]]
name = "proxmox-product-config"
version = "1.0.0"

[[patch.unused]]
name = "proxmox-resource-scheduling"
version = "1.0.0"

[[patch.unused]]
name = "proxmox-rest-server"
version = "1.0.0"

[[patch.unused]]
name = "proxmox-router"
version = "3.2.2"

[[patch.unused]]
name = "proxmox-schema"
version = "4.1.0"

[[patch.unused]]
name = "proxmox-section-config"
version = "3.1.0"

[[patch.unused]]
name = "proxmox-sendmail"
version = "1.0.0"

[[patch.unused]]
name = "proxmox-serde"
version = "1.0.0"

[[patch.unused]]
name = "proxmox-shared-cache"
version = "1.0.0"

[[patch.unused]]
name = "proxmox-shared-memory"
version = "1.0.0"

[[patch.unused]]
name = "proxmox-simple-config"
version = "1.0.0"

[[patch.unused]]
name = "proxmox-sortable-macro"
version = "1.0.0"

[[patch.unused]]
name = "proxmox-subscription"
version = "1.0.0"

[[patch.unused]]
name = "proxmox-sys"
version = "1.0.0"

[[patch.unused]]
name = "proxmox-syslog-api"
version = "1.0.0"

[[patch.unused]]
name = "proxmox-systemd"
version = "1.0.0"

[[patch.unused]]
name = "proxmox-tfa"
version = "6.0.0"

[[patch.unused]]
name = "proxmox-time"
version = "2.1.0"

[[patch.unused]]
name = "proxmox-time-api"
version = "1.0.0"

[[patch.unused]]
name = "proxmox-uuid"
version = "1.1.0"

[[patch.unused]]
name = "proxmox-ve-config"
version = "0.3.0"

[[patch.unused]]
name = "proxmox-worker-task"
version = "1.0.0"

[[patch.unused]]
name = "pxar"
version = "1.0.0"
